{
  "name": "server",
  "version": "1.0.0",
  "lockfileVersion": 2,
  "requires": true,
  "packages": {
    "": {
      "name": "server",
      "version": "1.0.0",
      "license": "ISC",
      "dependencies": {
        "mydog": "^2.4.0"
      },
      "devDependencies": {}
    },
    "node_modules/@types/node": {
      "version": "12.20.33",
      "resolved": "https://registry.npmjs.org/@types/node/-/node-12.20.33.tgz",
      "integrity": "sha512-5XmYX2GECSa+CxMYaFsr2mrql71Q4EvHjKS+ox/SiwSdaASMoBIWE6UmZqFO+VX1jIcsYLStI4FFoB6V7FeIYw=="
    },
    "node_modules/@types/ws": {
      "version": "6.0.4",
      "resolved": "https://registry.npmjs.org/@types/ws/-/ws-6.0.4.tgz",
      "integrity": "sha512-PpPrX7SZW9re6+Ha8ojZG4Se8AZXgf0GK6zmfqEuCsY49LFDNXO3SByp44X3dFEqtB73lkCDAdUazhAjVPiNwg==",
      "dependencies": {
        "@types/node": "*"
      }
    },
    "node_modules/mydog": {
      "version": "2.4.0",
      "resolved": "https://registry.npmjs.org/mydog/-/mydog-2.4.0.tgz",
      "integrity": "sha512-xP2GUQBOIbAanaWg0/0zbKvqCpsva+8ZpVAedn+oncJn0704ptWyAJH13yQBy1o1c3+ZfXmbwK9dRzKJILdh1Q==",
      "dependencies": {
        "@types/node": "^12.0.8",
        "@types/ws": "^6.0.1",
        "ws": "^7.0.1"
      },
      "bin": {
        "mydog": "lib/cli.js"
      }
    },
    "node_modules/ws": {
      "version": "7.5.5",
      "resolved": "https://registry.npmjs.org/ws/-/ws-7.5.5.tgz",
      "integrity": "sha512-BAkMFcAzl8as1G/hArkxOxq3G7pjUqQ3gzYbLL0/5zNkph70e+lCoxBGnm6AW1+/aiNeV4fnKqZ8m4GZewmH2w==",
      "engines": {
        "node": ">=8.3.0"
      },
      "peerDependencies": {
        "bufferutil": "^4.0.1",
        "utf-8-validate": "^5.0.2"
      },
      "peerDependenciesMeta": {
        "bufferutil": {
          "optional": true
        },
        "utf-8-validate": {
          "optional": true
        }
      }
    }
  },
  "dependencies": {
    "@types/node": {
      "version": "12.20.33",
      "resolved": "https://registry.npmjs.org/@types/node/-/node-12.20.33.tgz",
      "integrity": "sha512-5XmYX2GECSa+CxMYaFsr2mrql71Q4EvHjKS+ox/SiwSdaASMoBIWE6UmZqFO+VX1jIcsYLStI4FFoB6V7FeIYw=="
    },
    "@types/ws": {
      "version": "6.0.4",
      "resolved": "https://registry.npmjs.org/@types/ws/-/ws-6.0.4.tgz",
      "integrity": "sha512-PpPrX7SZW9re6+Ha8ojZG4Se8AZXgf0GK6zmfqEuCsY49LFDNXO3SByp44X3dFEqtB73lkCDAdUazhAjVPiNwg==",
      "requires": {
        "@types/node": "*"
      }
    },
    "mydog": {
      "version": "2.4.0",
      "resolved": "https://registry.npmjs.org/mydog/-/mydog-2.4.0.tgz",
      "integrity": "sha512-xP2GUQBOIbAanaWg0/0zbKvqCpsva+8ZpVAedn+oncJn0704ptWyAJH13yQBy1o1c3+ZfXmbwK9dRzKJILdh1Q==",
      "requires": {
        "@types/node": "^12.0.8",
        "@types/ws": "^6.0.1",
        "ws": "^7.0.1"
      }
    },
    "ws": {
      "version": "7.5.5",
      "resolved": "https://registry.npmjs.org/ws/-/ws-7.5.5.tgz",
      "integrity": "sha512-BAkMFcAzl8as1G/hArkxOxq3G7pjUqQ3gzYbLL0/5zNkph70e+lCoxBGnm6AW1+/aiNeV4fnKqZ8m4GZewmH2w==",
      "requires": {}
    }
  }
}
